
Microsoft Visual Studio Solution File, Format Version 12.00
# Visual Studio 15
VisualStudioVersion = 15.0.28307.1267
MinimumVisualStudioVersion = 10.0.40219.1
Project("{FAE04EC0-301F-11D3-BF4B-00C04F79EFBC}") = "iStomaLab", "iStomaLab\iStomaLab.csproj", "{CC10ACC8-7155-484D-8DDC-C99F8580AF71}"
EndProject
Project("{FAE04EC0-301F-11D3-BF4B-00C04F79EFBC}") = "BLL.iStomaLab", "BLL.iStomaLab\BLL.iStomaLab.csproj", "{8448EAF7-D919-4CEF-A0AA-2342258763E2}"
EndProject
Project("{FAE04EC0-301F-11D3-BF4B-00C04F79EFBC}") = "CCL.iStomaLab", "CCL.iStomaLab\CCL.iStomaLab.csproj", "{A8D30AB3-4493-4F13-935D-5B9F625E9527}"
EndProject
Project("{FAE04EC0-301F-11D3-BF4B-00C04F79EFBC}") = "CDL.iStomaLab", "CDL.iStomaLab\CDL.iStomaLab.csproj", "{0CCBE6AC-A3A8-4BDA-A345-D496CFF03FC9}"
EndProject
Project("{FAE04EC0-301F-11D3-BF4B-00C04F79EFBC}") = "DAL.iStomaLab", "DAL.iStomaLab\DAL.iStomaLab.csproj", "{754DD768-C8D3-40AC-A945-942562BC0205}"
EndProject
Project("{FAE04EC0-301F-11D3-BF4B-00C04F79EFBC}") = "CCL.UI", "CCL.UI\CCL.UI.csproj", "{961B4843-8504-4DFE-BA7F-0A3497BC1F87}"
EndProject
Project("{FAE04EC0-301F-11D3-BF4B-00C04F79EFBC}") = "ILL.BLL.General", "ILL.General\ILL.BLL.General.csproj", "{45D7B893-AB7B-4DC3-8249-06E94A4AD333}"
EndProject
Project("{FAE04EC0-301F-11D3-BF4B-00C04F79EFBC}") = "CCL.DAL", "CCL.DAL\CCL.DAL.csproj", "{95166B71-81FD-4B8C-A8AB-492871B3610F}"
EndProject
Project("{FAE04EC0-301F-11D3-BF4B-00C04F79EFBC}") = "ILL.iStomaLab", "ILL.iStomaLab\ILL.iStomaLab.csproj", "{FF4630BA-08C6-40AA-962E-69DFD97803C1}"
EndProject
Project("{FAE04EC0-301F-11D3-BF4B-00C04F79EFBC}") = "COM.iStoma", "COM.iStoma\COM.iStoma.csproj", "{6E17093B-EB3F-4EEA-A093-C4B1FE6C762B}"
EndProject
Project("{FAE04EC0-301F-11D3-BF4B-00C04F79EFBC}") = "ActualizareAplicatie", "ActualizareAplicatie\ActualizareAplicatie.csproj", "{967FE98C-9F09-4206-BAAB-BFE4277C2E43}"
EndProject
Project("{FAE04EC0-301F-11D3-BF4B-00C04F79EFBC}") = "xyz", "xyz\xyz.csproj", "{7A3BF9D6-C4AA-49CB-9854-2C6AED894619}"
EndProject
Global
	GlobalSection(SolutionConfigurationPlatforms) = preSolution
		Debug|Any CPU = Debug|Any CPU
		Debug|x64 = Debug|x64
		Debug|x86 = Debug|x86
		Release|Any CPU = Release|Any CPU
		Release|x64 = Release|x64
		Release|x86 = Release|x86
	EndGlobalSection
	GlobalSection(ProjectConfigurationPlatforms) = postSolution
		{CC10ACC8-7155-484D-8DDC-C99F8580AF71}.Debug|Any CPU.ActiveCfg = Debug|Any CPU
		{CC10ACC8-7155-484D-8DDC-C99F8580AF71}.Debug|Any CPU.Build.0 = Debug|Any CPU
		{CC10ACC8-7155-484D-8DDC-C99F8580AF71}.Debug|x64.ActiveCfg = Release|x64
		{CC10ACC8-7155-484D-8DDC-C99F8580AF71}.Debug|x64.Build.0 = Release|x64
		{CC10ACC8-7155-484D-8DDC-C99F8580AF71}.Debug|x86.ActiveCfg = Debug|x64
		{CC10ACC8-7155-484D-8DDC-C99F8580AF71}.Debug|x86.Build.0 = Debug|x64
		{CC10ACC8-7155-484D-8DDC-C99F8580AF71}.Release|Any CPU.ActiveCfg = Debug|Any CPU
		{CC10ACC8-7155-484D-8DDC-C99F8580AF71}.Release|Any CPU.Build.0 = Debug|Any CPU
		{CC10ACC8-7155-484D-8DDC-C99F8580AF71}.Release|x64.ActiveCfg = Release|x64
		{CC10ACC8-7155-484D-8DDC-C99F8580AF71}.Release|x64.Build.0 = Release|x64
		{CC10ACC8-7155-484D-8DDC-C99F8580AF71}.Release|x86.ActiveCfg = Release|Any CPU
		{CC10ACC8-7155-484D-8DDC-C99F8580AF71}.Release|x86.Build.0 = Release|Any CPU
		{8448EAF7-D919-4CEF-A0AA-2342258763E2}.Debug|Any CPU.ActiveCfg = Debug|Any CPU
		{8448EAF7-D919-4CEF-A0AA-2342258763E2}.Debug|Any CPU.Build.0 = Debug|Any CPU
		{8448EAF7-D919-4CEF-A0AA-2342258763E2}.Debug|x64.ActiveCfg = Debug|x64
		{8448EAF7-D919-4CEF-A0AA-2342258763E2}.Debug|x64.Build.0 = Debug|x64
		{8448EAF7-D919-4CEF-A0AA-2342258763E2}.Debug|x86.ActiveCfg = Debug|x64
		{8448EAF7-D919-4CEF-A0AA-2342258763E2}.Debug|x86.Build.0 = Debug|x64
		{8448EAF7-D919-4CEF-A0AA-2342258763E2}.Release|Any CPU.ActiveCfg = Debug|Any CPU
		{8448EAF7-D919-4CEF-A0AA-2342258763E2}.Release|Any CPU.Build.0 = Debug|Any CPU
		{8448EAF7-D919-4CEF-A0AA-2342258763E2}.Release|x64.ActiveCfg = Debug|x64
		{8448EAF7-D919-4CEF-A0AA-2342258763E2}.Release|x64.Build.0 = Debug|x64
		{8448EAF7-D919-4CEF-A0AA-2342258763E2}.Release|x86.ActiveCfg = Release|Any CPU
		{8448EAF7-D919-4CEF-A0AA-2342258763E2}.Release|x86.Build.0 = Release|Any CPU
		{A8D30AB3-4493-4F13-935D-5B9F625E9527}.Debug|Any CPU.ActiveCfg = Debug|Any CPU
		{A8D30AB3-4493-4F13-935D-5B9F625E9527}.Debug|Any CPU.Build.0 = Debug|Any CPU
		{A8D30AB3-4493-4F13-935D-5B9F625E9527}.Debug|x64.ActiveCfg = Debug|x64
		{A8D30AB3-4493-4F13-935D-5B9F625E9527}.Debug|x64.Build.0 = Debug|x64
		{A8D30AB3-4493-4F13-935D-5B9F625E9527}.Debug|x86.ActiveCfg = Debug|x64
		{A8D30AB3-4493-4F13-935D-5B9F625E9527}.Debug|x86.Build.0 = Debug|x64
		{A8D30AB3-4493-4F13-935D-5B9F625E9527}.Release|Any CPU.ActiveCfg = Debug|Any CPU
		{A8D30AB3-4493-4F13-935D-5B9F625E9527}.Release|Any CPU.Build.0 = Debug|Any CPU
		{A8D30AB3-4493-4F13-935D-5B9F625E9527}.Release|x64.ActiveCfg = Debug|x64
		{A8D30AB3-4493-4F13-935D-5B9F625E9527}.Release|x64.Build.0 = Debug|x64
		{A8D30AB3-4493-4F13-935D-5B9F625E9527}.Release|x86.ActiveCfg = Release|Any CPU
		{A8D30AB3-4493-4F13-935D-5B9F625E9527}.Release|x86.Build.0 = Release|Any CPU
		{0CCBE6AC-A3A8-4BDA-A345-D496CFF03FC9}.Debug|Any CPU.ActiveCfg = Debug|Any CPU
		{0CCBE6AC-A3A8-4BDA-A345-D496CFF03FC9}.Debug|Any CPU.Build.0 = Debug|Any CPU
		{0CCBE6AC-A3A8-4BDA-A345-D496CFF03FC9}.Debug|x64.ActiveCfg = Debug|x64
		{0CCBE6AC-A3A8-4BDA-A345-D496CFF03FC9}.Debug|x64.Build.0 = Debug|x64
		{0CCBE6AC-A3A8-4BDA-A345-D496CFF03FC9}.Debug|x86.ActiveCfg = Debug|x64
		{0CCBE6AC-A3A8-4BDA-A345-D496CFF03FC9}.Debug|x86.Build.0 = Debug|x64
		{0CCBE6AC-A3A8-4BDA-A345-D496CFF03FC9}.Release|Any CPU.ActiveCfg = Debug|Any CPU
		{0CCBE6AC-A3A8-4BDA-A345-D496CFF03FC9}.Release|Any CPU.Build.0 = Debug|Any CPU
		{0CCBE6AC-A3A8-4BDA-A345-D496CFF03FC9}.Release|x64.ActiveCfg = Debug|x64
		{0CCBE6AC-A3A8-4BDA-A345-D496CFF03FC9}.Release|x64.Build.0 = Debug|x64
		{0CCBE6AC-A3A8-4BDA-A345-D496CFF03FC9}.Release|x86.ActiveCfg = Release|Any CPU
		{0CCBE6AC-A3A8-4BDA-A345-D496CFF03FC9}.Release|x86.Build.0 = Release|Any CPU
		{754DD768-C8D3-40AC-A945-942562BC0205}.Debug|Any CPU.ActiveCfg = Debug|Any CPU
		{754DD768-C8D3-40AC-A945-942562BC0205}.Debug|Any CPU.Build.0 = Debug|Any CPU
		{754DD768-C8D3-40AC-A945-942562BC0205}.Debug|x64.ActiveCfg = Release|x64
		{754DD768-C8D3-40AC-A945-942562BC0205}.Debug|x64.Build.0 = Release|x64
		{754DD768-C8D3-40AC-A945-942562BC0205}.Debug|x86.ActiveCfg = Debug|x64
		{754DD768-C8D3-40AC-A945-942562BC0205}.Debug|x86.Build.0 = Debug|x64
		{754DD768-C8D3-40AC-A945-942562BC0205}.Release|Any CPU.ActiveCfg = Debug|Any CPU
		{754DD768-C8D3-40AC-A945-942562BC0205}.Release|Any CPU.Build.0 = Debug|Any CPU
		{754DD768-C8D3-40AC-A945-942562BC0205}.Release|x64.ActiveCfg = Release|x64
		{754DD768-C8D3-40AC-A945-942562BC0205}.Release|x64.Build.0 = Release|x64
		{754DD768-C8D3-40AC-A945-942562BC0205}.Release|x86.ActiveCfg = Release|Any CPU
		{754DD768-C8D3-40AC-A945-942562BC0205}.Release|x86.Build.0 = Release|Any CPU
		{961B4843-8504-4DFE-BA7F-0A3497BC1F87}.Debug|Any CPU.ActiveCfg = Debug|Any CPU
		{961B4843-8504-4DFE-BA7F-0A3497BC1F87}.Debug|Any CPU.Build.0 = Debug|Any CPU
		{961B4843-8504-4DFE-BA7F-0A3497BC1F87}.Debug|x64.ActiveCfg = Debug|x64
		{961B4843-8504-4DFE-BA7F-0A3497BC1F87}.Debug|x64.Build.0 = Debug|x64
		{961B4843-8504-4DFE-BA7F-0A3497BC1F87}.Debug|x86.ActiveCfg = Debug|x64
		{961B4843-8504-4DFE-BA7F-0A3497BC1F87}.Debug|x86.Build.0 = Debug|x64
		{961B4843-8504-4DFE-BA7F-0A3497BC1F87}.Release|Any CPU.ActiveCfg = Debug|Any CPU
		{961B4843-8504-4DFE-BA7F-0A3497BC1F87}.Release|Any CPU.Build.0 = Debug|Any CPU
		{961B4843-8504-4DFE-BA7F-0A3497BC1F87}.Release|x64.ActiveCfg = Debug|x64
		{961B4843-8504-4DFE-BA7F-0A3497BC1F87}.Release|x64.Build.0 = Debug|x64
		{961B4843-8504-4DFE-BA7F-0A3497BC1F87}.Release|x86.ActiveCfg = Release|Any CPU
		{961B4843-8504-4DFE-BA7F-0A3497BC1F87}.Release|x86.Build.0 = Release|Any CPU
		{45D7B893-AB7B-4DC3-8249-06E94A4AD333}.Debug|Any CPU.ActiveCfg = Debug|Any CPU
		{45D7B893-AB7B-4DC3-8249-06E94A4AD333}.Debug|Any CPU.Build.0 = Debug|Any CPU
		{45D7B893-AB7B-4DC3-8249-06E94A4AD333}.Debug|x64.ActiveCfg = Release|x64
		{45D7B893-AB7B-4DC3-8249-06E94A4AD333}.Debug|x64.Build.0 = Release|x64
		{45D7B893-AB7B-4DC3-8249-06E94A4AD333}.Debug|x86.ActiveCfg = Debug|x64
		{45D7B893-AB7B-4DC3-8249-06E94A4AD333}.Debug|x86.Build.0 = Debug|x64
		{45D7B893-AB7B-4DC3-8249-06E94A4AD333}.Release|Any CPU.ActiveCfg = Debug|Any CPU
		{45D7B893-AB7B-4DC3-8249-06E94A4AD333}.Release|Any CPU.Build.0 = Debug|Any CPU
		{45D7B893-AB7B-4DC3-8249-06E94A4AD333}.Release|x64.ActiveCfg = Release|x64
		{45D7B893-AB7B-4DC3-8249-06E94A4AD333}.Release|x64.Build.0 = Release|x64
		{45D7B893-AB7B-4DC3-8249-06E94A4AD333}.Release|x86.ActiveCfg = Release|Any CPU
		{45D7B893-AB7B-4DC3-8249-06E94A4AD333}.Release|x86.Build.0 = Release|Any CPU
		{95166B71-81FD-4B8C-A8AB-492871B3610F}.Debug|Any CPU.ActiveCfg = Debug|Any CPU
		{95166B71-81FD-4B8C-A8AB-492871B3610F}.Debug|Any CPU.Build.0 = Debug|Any CPU
		{95166B71-81FD-4B8C-A8AB-492871B3610F}.Debug|x64.ActiveCfg = Debug|x64
		{95166B71-81FD-4B8C-A8AB-492871B3610F}.Debug|x64.Build.0 = Debug|x64
		{95166B71-81FD-4B8C-A8AB-492871B3610F}.Debug|x86.ActiveCfg = Debug|x64
		{95166B71-81FD-4B8C-A8AB-492871B3610F}.Debug|x86.Build.0 = Debug|x64
		{95166B71-81FD-4B8C-A8AB-492871B3610F}.Release|Any CPU.ActiveCfg = Debug|Any CPU
		{95166B71-81FD-4B8C-A8AB-492871B3610F}.Release|Any CPU.Build.0 = Debug|Any CPU
		{95166B71-81FD-4B8C-A8AB-492871B3610F}.Release|x64.ActiveCfg = Debug|x64
		{95166B71-81FD-4B8C-A8AB-492871B3610F}.Release|x64.Build.0 = Debug|x64
		{95166B71-81FD-4B8C-A8AB-492871B3610F}.Release|x86.ActiveCfg = Release|Any CPU
		{95166B71-81FD-4B8C-A8AB-492871B3610F}.Release|x86.Build.0 = Release|Any CPU
		{FF4630BA-08C6-40AA-962E-69DFD97803C1}.Debug|Any CPU.ActiveCfg = Debug|Any CPU
		{FF4630BA-08C6-40AA-962E-69DFD97803C1}.Debug|Any CPU.Build.0 = Debug|Any CPU
		{FF4630BA-08C6-40AA-962E-69DFD97803C1}.Debug|x64.ActiveCfg = Release|x64
		{FF4630BA-08C6-40AA-962E-69DFD97803C1}.Debug|x64.Build.0 = Release|x64
		{FF4630BA-08C6-40AA-962E-69DFD97803C1}.Debug|x86.ActiveCfg = Debug|x64
		{FF4630BA-08C6-40AA-962E-69DFD97803C1}.Debug|x86.Build.0 = Debug|x64
		{FF4630BA-08C6-40AA-962E-69DFD97803C1}.Release|Any CPU.ActiveCfg = Debug|Any CPU
		{FF4630BA-08C6-40AA-962E-69DFD97803C1}.Release|Any CPU.Build.0 = Debug|Any CPU
		{FF4630BA-08C6-40AA-962E-69DFD97803C1}.Release|x64.ActiveCfg = Release|x64
		{FF4630BA-08C6-40AA-962E-69DFD97803C1}.Release|x64.Build.0 = Release|x64
		{FF4630BA-08C6-40AA-962E-69DFD97803C1}.Release|x86.ActiveCfg = Release|Any CPU
		{FF4630BA-08C6-40AA-962E-69DFD97803C1}.Release|x86.Build.0 = Release|Any CPU
		{6E17093B-EB3F-4EEA-A093-C4B1FE6C762B}.Debug|Any CPU.ActiveCfg = Debug|Any CPU
		{6E17093B-EB3F-4EEA-A093-C4B1FE6C762B}.Debug|Any CPU.Build.0 = Debug|Any CPU
		{6E17093B-EB3F-4EEA-A093-C4B1FE6C762B}.Debug|x64.ActiveCfg = Debug|x64
		{6E17093B-EB3F-4EEA-A093-C4B1FE6C762B}.Debug|x64.Build.0 = Debug|x64
		{6E17093B-EB3F-4EEA-A093-C4B1FE6C762B}.Debug|x86.ActiveCfg = Debug|x64
		{6E17093B-EB3F-4EEA-A093-C4B1FE6C762B}.Debug|x86.Build.0 = Debug|x64
		{6E17093B-EB3F-4EEA-A093-C4B1FE6C762B}.Release|Any CPU.ActiveCfg = Debug|Any CPU
		{6E17093B-EB3F-4EEA-A093-C4B1FE6C762B}.Release|Any CPU.Build.0 = Debug|Any CPU
		{6E17093B-EB3F-4EEA-A093-C4B1FE6C762B}.Release|x64.ActiveCfg = Debug|x64
		{6E17093B-EB3F-4EEA-A093-C4B1FE6C762B}.Release|x64.Build.0 = Debug|x64
		{6E17093B-EB3F-4EEA-A093-C4B1FE6C762B}.Release|x86.ActiveCfg = Release|Any CPU
		{6E17093B-EB3F-4EEA-A093-C4B1FE6C762B}.Release|x86.Build.0 = Release|Any CPU
		{967FE98C-9F09-4206-BAAB-BFE4277C2E43}.Debug|Any CPU.ActiveCfg = Debug|Any CPU
		{967FE98C-9F09-4206-BAAB-BFE4277C2E43}.Debug|Any CPU.Build.0 = Debug|Any CPU
		{967FE98C-9F09-4206-BAAB-BFE4277C2E43}.Debug|x64.ActiveCfg = Debug|x64
		{967FE98C-9F09-4206-BAAB-BFE4277C2E43}.Debug|x64.Build.0 = Debug|x64
		{967FE98C-9F09-4206-BAAB-BFE4277C2E43}.Debug|x86.ActiveCfg = Debug|x64
		{967FE98C-9F09-4206-BAAB-BFE4277C2E43}.Debug|x86.Build.0 = Debug|x64
		{967FE98C-9F09-4206-BAAB-BFE4277C2E43}.Release|Any CPU.ActiveCfg = Debug|Any CPU
		{967FE98C-9F09-4206-BAAB-BFE4277C2E43}.Release|Any CPU.Build.0 = Debug|Any CPU
		{967FE98C-9F09-4206-BAAB-BFE4277C2E43}.Release|x64.ActiveCfg = Debug|x64
		{967FE98C-9F09-4206-BAAB-BFE4277C2E43}.Release|x64.Build.0 = Debug|x64
		{967FE98C-9F09-4206-BAAB-BFE4277C2E43}.Release|x86.ActiveCfg = Release|x86
		{967FE98C-9F09-4206-BAAB-BFE4277C2E43}.Release|x86.Build.0 = Release|x86
		{7A3BF9D6-C4AA-49CB-9854-2C6AED894619}.Debug|Any CPU.ActiveCfg = Debug|Any CPU
		{7A3BF9D6-C4AA-49CB-9854-2C6AED894619}.Debug|Any CPU.Build.0 = Debug|Any CPU
		{7A3BF9D6-C4AA-49CB-9854-2C6AED894619}.Debug|x64.ActiveCfg = Release|x64
		{7A3BF9D6-C4AA-49CB-9854-2C6AED894619}.Debug|x64.Build.0 = Release|x64
		{7A3BF9D6-C4AA-49CB-9854-2C6AED894619}.Debug|x86.ActiveCfg = Debug|x64
		{7A3BF9D6-C4AA-49CB-9854-2C6AED894619}.Debug|x86.Build.0 = Debug|x64
		{7A3BF9D6-C4AA-49CB-9854-2C6AED894619}.Release|Any CPU.ActiveCfg = Debug|Any CPU
		{7A3BF9D6-C4AA-49CB-9854-2C6AED894619}.Release|Any CPU.Build.0 = Debug|Any CPU
		{7A3BF9D6-C4AA-49CB-9854-2C6AED894619}.Release|x64.ActiveCfg = Release|x64
		{7A3BF9D6-C4AA-49CB-9854-2C6AED894619}.Release|x64.Build.0 = Release|x64
		{7A3BF9D6-C4AA-49CB-9854-2C6AED894619}.Release|x86.ActiveCfg = Release|Any CPU
		{7A3BF9D6-C4AA-49CB-9854-2C6AED894619}.Release|x86.Build.0 = Release|Any CPU
	EndGlobalSection
	GlobalSection(SolutionProperties) = preSolution
		HideSolutionNode = FALSE
	EndGlobalSection
	GlobalSection(ExtensibilityGlobals) = postSolution
		SolutionGuid = {1AC2C795-B43B-4BD1-AD9F-B2F78E961A12}
	EndGlobalSection
EndGlobal
